// !$*UTF8*$!
{
	archiveVersion = 1;
	classes = {
	};
	objectVersion = 55;
	objects = {

/* Begin PBXBuildFile section */
		B60514BF299A833B0012F36C /* SDWebImageSwiftUI in Frameworks */ = {isa = PBXBuildFile; productRef = B60514BE299A833B0012F36C /* SDWebImageSwiftUI */; };
		B6190AC0299A62DB00C08D4F /* ContentView.swift in Sources */ = {isa = PBXBuildFile; fileRef = B6190ABF299A62DB00C08D4F /* ContentView.swift */; };
		B6190AC2299A62DC00C08D4F /* Assets.xcassets in Resources */ = {isa = PBXBuildFile; fileRef = B6190AC1299A62DC00C08D4F /* Assets.xcassets */; };
		B6190AC5299A62DC00C08D4F /* Preview Assets.xcassets in Resources */ = {isa = PBXBuildFile; fileRef = B6190AC4299A62DC00C08D4F /* Preview Assets.xcassets */; };
		B6190AD6299A636E00C08D4F /* Model.swift in Sources */ = {isa = PBXBuildFile; fileRef = B6190AD3299A636E00C08D4F /* Model.swift */; };
		B6190AD7299A636E00C08D4F /* APIManager.swift in Sources */ = {isa = PBXBuildFile; fileRef = B6190AD4299A636E00C08D4F /* APIManager.swift */; };
		B6190AD8299A636E00C08D4F /* MainViewModal.swift in Sources */ = {isa = PBXBuildFile; fileRef = B6190AD5299A636E00C08D4F /* MainViewModal.swift */; };
		B6190ADA299A638700C08D4F /* Launch Screen.storyboard in Resources */ = {isa = PBXBuildFile; fileRef = B6190AD9299A638700C08D4F /* Launch Screen.storyboard */; };
		B6190ADC299A63A600C08D4F /* NorrisFactsApp.swift in Sources */ = {isa = PBXBuildFile; fileRef = B6190ADB299A63A600C08D4F /* NorrisFactsApp.swift */; };
		B61CE77C29A54181005E6E8C /* BannerAdView.swift in Sources */ = {isa = PBXBuildFile; fileRef = B61CE77B29A54181005E6E8C /* BannerAdView.swift */; };
		B61CE78429A57A55005E6E8C /* Extensions.swift in Sources */ = {isa = PBXBuildFile; fileRef = B61CE78329A57A55005E6E8C /* Extensions.swift */; };
		B64F37D129A586FD00EFE60F /* Constants.swift in Sources */ = {isa = PBXBuildFile; fileRef = B64F37D029A586FD00EFE60F /* Constants.swift */; };
		B6B2B63A29A8505600FF18C4 /* SavedView.swift in Sources */ = {isa = PBXBuildFile; fileRef = B6B2B63929A8505600FF18C4 /* SavedView.swift */; };
		B6B2B63C29A852ED00FF18C4 /* ViewModal.swift in Sources */ = {isa = PBXBuildFile; fileRef = B6B2B63B29A852ED00FF18C4 /* ViewModal.swift */; };
		B6B2B63E29A854C700FF18C4 /* SavedViewModal.swift in Sources */ = {isa = PBXBuildFile; fileRef = B6B2B63D29A854C700FF18C4 /* SavedViewModal.swift */; };
		B6C2427E29A7F89F00FD1FC8 /* PersistanceManager.swift in Sources */ = {isa = PBXBuildFile; fileRef = B6C2427D29A7F89F00FD1FC8 /* PersistanceManager.swift */; };
		B6C2428029A7FF8500FD1FC8 /* TabView.swift in Sources */ = {isa = PBXBuildFile; fileRef = B6C2427F29A7FF8500FD1FC8 /* TabView.swift */; };
		B6E316A029A5113300A945FB /* BannerAdViewController.swift in Sources */ = {isa = PBXBuildFile; fileRef = B6E3169F29A5113300A945FB /* BannerAdViewController.swift */; };
		EBAEC2C7FA14806C6289FCB4 /* Pods_NorrisFacts.framework in Frameworks */ = {isa = PBXBuildFile; fileRef = ADB294A238A8329E73C7DD20 /* Pods_NorrisFacts.framework */; };
/* End PBXBuildFile section */

/* Begin PBXFileReference section */
		195E168D40BC01D675F27F85 /* Pods-NorrisFacts.release.xcconfig */ = {isa = PBXFileReference; includeInIndex = 1; lastKnownFileType = text.xcconfig; name = "Pods-NorrisFacts.release.xcconfig"; path = "Target Support Files/Pods-NorrisFacts/Pods-NorrisFacts.release.xcconfig"; sourceTree = "<group>"; };
		67D4FD43F45CFE29C05A3504 /* Pods-NorrisFacts.debug.xcconfig */ = {isa = PBXFileReference; includeInIndex = 1; lastKnownFileType = text.xcconfig; name = "Pods-NorrisFacts.debug.xcconfig"; path = "Target Support Files/Pods-NorrisFacts/Pods-NorrisFacts.debug.xcconfig"; sourceTree = "<group>"; };
		ADB294A238A8329E73C7DD20 /* Pods_NorrisFacts.framework */ = {isa = PBXFileReference; explicitFileType = wrapper.framework; includeInIndex = 0; path = Pods_NorrisFacts.framework; sourceTree = BUILT_PRODUCTS_DIR; };
		B6190ABA299A62DB00C08D4F /* NorrisFacts.app */ = {isa = PBXFileReference; explicitFileType = wrapper.application; includeInIndex = 0; path = NorrisFacts.app; sourceTree = BUILT_PRODUCTS_DIR; };
		B6190ABF299A62DB00C08D4F /* ContentView.swift */ = {isa = PBXFileReference; lastKnownFileType = sourcecode.swift; path = ContentView.swift; sourceTree = "<group>"; };
		B6190AC1299A62DC00C08D4F /* Assets.xcassets */ = {isa = PBXFileReference; lastKnownFileType = folder.assetcatalog; path = Assets.xcassets; sourceTree = "<group>"; };
		B6190AC4299A62DC00C08D4F /* Preview Assets.xcassets */ = {isa = PBXFileReference; lastKnownFileType = folder.assetcatalog; path = "Preview Assets.xcassets"; sourceTree = "<group>"; };
		B6190AD3299A636E00C08D4F /* Model.swift */ = {isa = PBXFileReference; fileEncoding = 4; lastKnownFileType = sourcecode.swift; path = Model.swift; sourceTree = "<group>"; };
		B6190AD4299A636E00C08D4F /* APIManager.swift */ = {isa = PBXFileReference; fileEncoding = 4; lastKnownFileType = sourcecode.swift; path = APIManager.swift; sourceTree = "<group>"; };
		B6190AD5299A636E00C08D4F /* MainViewModal.swift */ = {isa = PBXFileReference; fileEncoding = 4; lastKnownFileType = sourcecode.swift; path = MainViewModal.swift; sourceTree = "<group>"; };
		B6190AD9299A638700C08D4F /* Launch Screen.storyboard */ = {isa = PBXFileReference; lastKnownFileType = file.storyboard; path = "Launch Screen.storyboard"; sourceTree = "<group>"; };
		B6190ADB299A63A600C08D4F /* NorrisFactsApp.swift */ = {isa = PBXFileReference; lastKnownFileType = sourcecode.swift; path = NorrisFactsApp.swift; sourceTree = "<group>"; };
		B61CE77B29A54181005E6E8C /* BannerAdView.swift */ = {isa = PBXFileReference; lastKnownFileType = sourcecode.swift; path = BannerAdView.swift; sourceTree = "<group>"; };
		B61CE77D29A541E4005E6E8C /* Info.plist */ = {isa = PBXFileReference; lastKnownFileType = text.plist; path = Info.plist; sourceTree = "<group>"; };
		B61CE78329A57A55005E6E8C /* Extensions.swift */ = {isa = PBXFileReference; lastKnownFileType = sourcecode.swift; path = Extensions.swift; sourceTree = "<group>"; };
		B64F37D029A586FD00EFE60F /* Constants.swift */ = {isa = PBXFileReference; lastKnownFileType = sourcecode.swift; path = Constants.swift; sourceTree = "<group>"; };
		B6B2B63929A8505600FF18C4 /* SavedView.swift */ = {isa = PBXFileReference; lastKnownFileType = sourcecode.swift; path = SavedView.swift; sourceTree = "<group>"; };
		B6B2B63B29A852ED00FF18C4 /* ViewModal.swift */ = {isa = PBXFileReference; lastKnownFileType = sourcecode.swift; path = ViewModal.swift; sourceTree = "<group>"; };
		B6B2B63D29A854C700FF18C4 /* SavedViewModal.swift */ = {isa = PBXFileReference; lastKnownFileType = sourcecode.swift; path = SavedViewModal.swift; sourceTree = "<group>"; };
		B6C2427D29A7F89F00FD1FC8 /* PersistanceManager.swift */ = {isa = PBXFileReference; lastKnownFileType = sourcecode.swift; path = PersistanceManager.swift; sourceTree = "<group>"; };
		B6C2427F29A7FF8500FD1FC8 /* TabView.swift */ = {isa = PBXFileReference; lastKnownFileType = sourcecode.swift; path = TabView.swift; sourceTree = "<group>"; };
		B6E3169F29A5113300A945FB /* BannerAdViewController.swift */ = {isa = PBXFileReference; lastKnownFileType = sourcecode.swift; path = BannerAdViewController.swift; sourceTree = "<group>"; };
/* End PBXFileReference section */

/* Begin PBXFrameworksBuildPhase section */
		B6190AB7299A62DB00C08D4F /* Frameworks */ = {
			isa = PBXFrameworksBuildPhase;
			buildActionMask = 2147483647;
			files = (
				B60514BF299A833B0012F36C /* SDWebImageSwiftUI in Frameworks */,
				EBAEC2C7FA14806C6289FCB4 /* Pods_NorrisFacts.framework in Frameworks */,
			);
			runOnlyForDeploymentPostprocessing = 0;
		};
/* End PBXFrameworksBuildPhase section */

/* Begin PBXGroup section */
		6036E99F2C15403B98A9CD6F /* Frameworks */ = {
			isa = PBXGroup;
			children = (
				ADB294A238A8329E73C7DD20 /* Pods_NorrisFacts.framework */,
			);
			name = Frameworks;
			sourceTree = "<group>";
		};
		6E2A6FC44A34229428C6BC3D /* Pods */ = {
			isa = PBXGroup;
			children = (
				67D4FD43F45CFE29C05A3504 /* Pods-NorrisFacts.debug.xcconfig */,
				195E168D40BC01D675F27F85 /* Pods-NorrisFacts.release.xcconfig */,
			);
			path = Pods;
			sourceTree = "<group>";
		};
		B6190AB1299A62DB00C08D4F = {
			isa = PBXGroup;
			children = (
				B6190ABC299A62DB00C08D4F /* NorrisFacts */,
				B6190ABB299A62DB00C08D4F /* Products */,
				6E2A6FC44A34229428C6BC3D /* Pods */,
				6036E99F2C15403B98A9CD6F /* Frameworks */,
			);
			sourceTree = "<group>";
		};
		B6190ABB299A62DB00C08D4F /* Products */ = {
			isa = PBXGroup;
			children = (
				B6190ABA299A62DB00C08D4F /* NorrisFacts.app */,
			);
			name = Products;
			sourceTree = "<group>";
		};
		B6190ABC299A62DB00C08D4F /* NorrisFacts */ = {
			isa = PBXGroup;
			children = (
				B61CE77D29A541E4005E6E8C /* Info.plist */,
				B6190ADB299A63A600C08D4F /* NorrisFactsApp.swift */,
				B6190AD4299A636E00C08D4F /* APIManager.swift */,
				B61CE78329A57A55005E6E8C /* Extensions.swift */,
				B64F37D029A586FD00EFE60F /* Constants.swift */,
				B6C2427D29A7F89F00FD1FC8 /* PersistanceManager.swift */,
				B6B2B63729A84EB700FF18C4 /* TabView */,
				B61CE77A29A5412E005E6E8C /* MainView */,
				B6B2B63829A84FF800FF18C4 /* SavedView */,
				B61CE77929A54127005E6E8C /* BannerAd */,
				B6190AD9299A638700C08D4F /* Launch Screen.storyboard */,
				B6190AC1299A62DC00C08D4F /* Assets.xcassets */,
				B6190AC3299A62DC00C08D4F /* Preview Content */,
			);
			path = NorrisFacts;
			sourceTree = "<group>";
		};
		B6190AC3299A62DC00C08D4F /* Preview Content */ = {
			isa = PBXGroup;
			children = (
				B6190AC4299A62DC00C08D4F /* Preview Assets.xcassets */,
			);
			path = "Preview Content";
			sourceTree = "<group>";
		};
		B61CE77929A54127005E6E8C /* BannerAd */ = {
			isa = PBXGroup;
			children = (
				B6E3169F29A5113300A945FB /* BannerAdViewController.swift */,
				B61CE77B29A54181005E6E8C /* BannerAdView.swift */,
			);
			path = BannerAd;
			sourceTree = "<group>";
		};
		B61CE77A29A5412E005E6E8C /* MainView */ = {
			isa = PBXGroup;
			children = (
				B6190AD3299A636E00C08D4F /* Model.swift */,
				B6190AD5299A636E00C08D4F /* MainViewModal.swift */,
				B6190ABF299A62DB00C08D4F /* ContentView.swift */,
			);
			path = MainView;
			sourceTree = "<group>";
		};
		B6B2B63729A84EB700FF18C4 /* TabView */ = {
			isa = PBXGroup;
			children = (
				B6B2B63B29A852ED00FF18C4 /* ViewModal.swift */,
				B6C2427F29A7FF8500FD1FC8 /* TabView.swift */,
			);
			path = TabView;
			sourceTree = "<group>";
		};
		B6B2B63829A84FF800FF18C4 /* SavedView */ = {
			isa = PBXGroup;
			children = (
				B6B2B63929A8505600FF18C4 /* SavedView.swift */,
				B6B2B63D29A854C700FF18C4 /* SavedViewModal.swift */,
			);
			path = SavedView;
			sourceTree = "<group>";
		};
/* End PBXGroup section */

/* Begin PBXNativeTarget section */
		B6190AB9299A62DB00C08D4F /* NorrisFacts */ = {
			isa = PBXNativeTarget;
			buildConfigurationList = B6190AC8299A62DC00C08D4F /* Build configuration list for PBXNativeTarget "NorrisFacts" */;
			buildPhases = (
				4EF958486B14F6C0A3C60F1D /* [CP] Check Pods Manifest.lock */,
				B6190AB6299A62DB00C08D4F /* Sources */,
				B6190AB7299A62DB00C08D4F /* Frameworks */,
				B6190AB8299A62DB00C08D4F /* Resources */,
				72CE60093961EF65D05A4FFB /* [CP] Embed Pods Frameworks */,
			);
			buildRules = (
			);
			dependencies = (
			);
			name = NorrisFacts;
			packageProductDependencies = (
				B60514BE299A833B0012F36C /* SDWebImageSwiftUI */,
			);
			productName = NorrisFacts;
			productReference = B6190ABA299A62DB00C08D4F /* NorrisFacts.app */;
			productType = "com.apple.product-type.application";
		};
/* End PBXNativeTarget section */

/* Begin PBXProject section */
		B6190AB2299A62DB00C08D4F /* Project object */ = {
			isa = PBXProject;
			attributes = {
				BuildIndependentTargetsInParallel = 1;
				LastSwiftUpdateCheck = 1420;
				LastUpgradeCheck = 1420;
				TargetAttributes = {
					B6190AB9299A62DB00C08D4F = {
						CreatedOnToolsVersion = 14.2;
					};
				};
			};
			buildConfigurationList = B6190AB5299A62DB00C08D4F /* Build configuration list for PBXProject "NorrisFacts" */;
			compatibilityVersion = "Xcode 13.0";
			developmentRegion = en;
			hasScannedForEncodings = 0;
			knownRegions = (
				en,
				Base,
			);
			mainGroup = B6190AB1299A62DB00C08D4F;
			packageReferences = (
				B60514BD299A833B0012F36C /* XCRemoteSwiftPackageReference "SDWebImageSwiftUI" */,
			);
			productRefGroup = B6190ABB299A62DB00C08D4F /* Products */;
			projectDirPath = "";
			projectRoot = "";
			targets = (
				B6190AB9299A62DB00C08D4F /* NorrisFacts */,
			);
		};
/* End PBXProject section */

/* Begin PBXResourcesBuildPhase section */
		B6190AB8299A62DB00C08D4F /* Resources */ = {
			isa = PBXResourcesBuildPhase;
			buildActionMask = 2147483647;
			files = (
				B6190ADA299A638700C08D4F /* Launch Screen.storyboard in Resources */,
				B6190AC5299A62DC00C08D4F /* Preview Assets.xcassets in Resources */,
				B6190AC2299A62DC00C08D4F /* Assets.xcassets in Resources */,
			);
			runOnlyForDeploymentPostprocessing = 0;
		};
/* End PBXResourcesBuildPhase section */

/* Begin PBXShellScriptBuildPhase section */
		4EF958486B14F6C0A3C60F1D /* [CP] Check Pods Manifest.lock */ = {
			isa = PBXShellScriptBuildPhase;
			buildActionMask = 2147483647;
			files = (
			);
			inputFileListPaths = (
			);
			inputPaths = (
				"${PODS_PODFILE_DIR_PATH}/Podfile.lock",
				"${PODS_ROOT}/Manifest.lock",
			);
			name = "[CP] Check Pods Manifest.lock";
			outputFileListPaths = (
			);
			outputPaths = (
				"$(DERIVED_FILE_DIR)/Pods-NorrisFacts-checkManifestLockResult.txt",
			);
			runOnlyForDeploymentPostprocessing = 0;
			shellPath = /bin/sh;
			shellScript = "diff \"${PODS_PODFILE_DIR_PATH}/Podfile.lock\" \"${PODS_ROOT}/Manifest.lock\" > /dev/null\nif [ $? != 0 ] ; then\n    # print error to STDERR\n    echo \"error: The sandbox is not in sync with the Podfile.lock. Run 'pod install' or update your CocoaPods installation.\" >&2\n    exit 1\nfi\n# This output is used by Xcode 'outputs' to avoid re-running this script phase.\necho \"SUCCESS\" > \"${SCRIPT_OUTPUT_FILE_0}\"\n";
			showEnvVarsInLog = 0;
		};
		72CE60093961EF65D05A4FFB /* [CP] Embed Pods Frameworks */ = {
			isa = PBXShellScriptBuildPhase;
			buildActionMask = 2147483647;
			files = (
			);
			inputFileListPaths = (
				"${PODS_ROOT}/Target Support Files/Pods-NorrisFacts/Pods-NorrisFacts-frameworks-${CONFIGURATION}-input-files.xcfilelist",
			);
			name = "[CP] Embed Pods Frameworks";
			outputFileListPaths = (
				"${PODS_ROOT}/Target Support Files/Pods-NorrisFacts/Pods-NorrisFacts-frameworks-${CONFIGURATION}-output-files.xcfilelist",
			);
			runOnlyForDeploymentPostprocessing = 0;
			shellPath = /bin/sh;
			shellScript = "\"${PODS_ROOT}/Target Support Files/Pods-NorrisFacts/Pods-NorrisFacts-frameworks.sh\"\n";
			showEnvVarsInLog = 0;
		};
/* End PBXShellScriptBuildPhase section */

/* Begin PBXSourcesBuildPhase section */
		B6190AB6299A62DB00C08D4F /* Sources */ = {
			isa = PBXSourcesBuildPhase;
			buildActionMask = 2147483647;
			files = (
				B6C2428029A7FF8500FD1FC8 /* TabView.swift in Sources */,
				B6190AD7299A636E00C08D4F /* APIManager.swift in Sources */,
				B6190AC0299A62DB00C08D4F /* ContentView.swift in Sources */,
				B6190AD8299A636E00C08D4F /* MainViewModal.swift in Sources */,
				B61CE78429A57A55005E6E8C /* Extensions.swift in Sources */,
				B61CE77C29A54181005E6E8C /* BannerAdView.swift in Sources */,
				B6B2B63E29A854C700FF18C4 /* SavedViewModal.swift in Sources */,
				B6C2427E29A7F89F00FD1FC8 /* PersistanceManager.swift in Sources */,
				B6190AD6299A636E00C08D4F /* Model.swift in Sources */,
				B6B2B63A29A8505600FF18C4 /* SavedView.swift in Sources */,
				B6B2B63C29A852ED00FF18C4 /* ViewModal.swift in Sources */,
				B6E316A029A5113300A945FB /* BannerAdViewController.swift in Sources */,
				B6190ADC299A63A600C08D4F /* NorrisFactsApp.swift in Sources */,
				B64F37D129A586FD00EFE60F /* Constants.swift in Sources */,
			);
			runOnlyForDeploymentPostprocessing = 0;
		};
/* End PBXSourcesBuildPhase section */

/* Begin XCBuildConfiguration section */
		B6190AC6299A62DC00C08D4F /* Debug */ = {
			isa = XCBuildConfiguration;
			buildSettings = {
				ALWAYS_SEARCH_USER_PATHS = NO;
				CLANG_ANALYZER_NONNULL = YES;
				CLANG_ANALYZER_NUMBER_OBJECT_CONVERSION = YES_AGGRESSIVE;
				CLANG_CXX_LANGUAGE_STANDARD = "gnu++20";
				CLANG_ENABLE_MODULES = YES;
				CLANG_ENABLE_OBJC_ARC = YES;
				CLANG_ENABLE_OBJC_WEAK = YES;
				CLANG_WARN_BLOCK_CAPTURE_AUTORELEASING = YES;
				CLANG_WARN_BOOL_CONVERSION = YES;
				CLANG_WARN_COMMA = YES;
				CLANG_WARN_CONSTANT_CONVERSION = YES;
				CLANG_WARN_DEPRECATED_OBJC_IMPLEMENTATIONS = YES;
				CLANG_WARN_DIRECT_OBJC_ISA_USAGE = YES_ERROR;
				CLANG_WARN_DOCUMENTATION_COMMENTS = YES;
				CLANG_WARN_EMPTY_BODY = YES;
				CLANG_WARN_ENUM_CONVERSION = YES;
				CLANG_WARN_INFINITE_RECURSION = YES;
				CLANG_WARN_INT_CONVERSION = YES;
				CLANG_WARN_NON_LITERAL_NULL_CONVERSION = YES;
				CLANG_WARN_OBJC_IMPLICIT_RETAIN_SELF = YES;
				CLANG_WARN_OBJC_LITERAL_CONVERSION = YES;
				CLANG_WARN_OBJC_ROOT_CLASS = YES_ERROR;
				CLANG_WARN_QUOTED_INCLUDE_IN_FRAMEWORK_HEADER = YES;
				CLANG_WARN_RANGE_LOOP_ANALYSIS = YES;
				CLANG_WARN_STRICT_PROTOTYPES = YES;
				CLANG_WARN_SUSPICIOUS_MOVE = YES;
				CLANG_WARN_UNGUARDED_AVAILABILITY = YES_AGGRESSIVE;
				CLANG_WARN_UNREACHABLE_CODE = YES;
				CLANG_WARN__DUPLICATE_METHOD_MATCH = YES;
				COPY_PHASE_STRIP = NO;
				DEBUG_INFORMATION_FORMAT = dwarf;
				ENABLE_STRICT_OBJC_MSGSEND = YES;
				ENABLE_TESTABILITY = YES;
				GCC_C_LANGUAGE_STANDARD = gnu11;
				GCC_DYNAMIC_NO_PIC = NO;
				GCC_NO_COMMON_BLOCKS = YES;
				GCC_OPTIMIZATION_LEVEL = 0;
				GCC_PREPROCESSOR_DEFINITIONS = (
					"DEBUG=1",
					"$(inherited)",
				);
				GCC_WARN_64_TO_32_BIT_CONVERSION = YES;
				GCC_WARN_ABOUT_RETURN_TYPE = YES_ERROR;
				GCC_WARN_UNDECLARED_SELECTOR = YES;
				GCC_WARN_UNINITIALIZED_AUTOS = YES_AGGRESSIVE;
				GCC_WARN_UNUSED_FUNCTION = YES;
				GCC_WARN_UNUSED_VARIABLE = YES;
				IPHONEOS_DEPLOYMENT_TARGET = 16.2;
				MTL_ENABLE_DEBUG_INFO = INCLUDE_SOURCE;
				MTL_FAST_MATH = YES;
				ONLY_ACTIVE_ARCH = YES;
				SDKROOT = iphoneos;
				SWIFT_ACTIVE_COMPILATION_CONDITIONS = DEBUG;
				SWIFT_OPTIMIZATION_LEVEL = "-Onone";
			};
			name = Debug;
		};
		B6190AC7299A62DC00C08D4F /* Release */ = {
			isa = XCBuildConfiguration;
			buildSettings = {
				ALWAYS_SEARCH_USER_PATHS = NO;
				CLANG_ANALYZER_NONNULL = YES;
				CLANG_ANALYZER_NUMBER_OBJECT_CONVERSION = YES_AGGRESSIVE;
				CLANG_CXX_LANGUAGE_STANDARD = "gnu++20";
				CLANG_ENABLE_MODULES = YES;
				CLANG_ENABLE_OBJC_ARC = YES;
				CLANG_ENABLE_OBJC_WEAK = YES;
				CLANG_WARN_BLOCK_CAPTURE_AUTORELEASING = YES;
				CLANG_WARN_BOOL_CONVERSION = YES;
				CLANG_WARN_COMMA = YES;
				CLANG_WARN_CONSTANT_CONVERSION = YES;
				CLANG_WARN_DEPRECATED_OBJC_IMPLEMENTATIONS = YES;
				CLANG_WARN_DIRECT_OBJC_ISA_USAGE = YES_ERROR;
				CLANG_WARN_DOCUMENTATION_COMMENTS = YES;
				CLANG_WARN_EMPTY_BODY = YES;
				CLANG_WARN_ENUM_CONVERSION = YES;
				CLANG_WARN_INFINITE_RECURSION = YES;
				CLANG_WARN_INT_CONVERSION = YES;
				CLANG_WARN_NON_LITERAL_NULL_CONVERSION = YES;
				CLANG_WARN_OBJC_IMPLICIT_RETAIN_SELF = YES;
				CLANG_WARN_OBJC_LITERAL_CONVERSION = YES;
				CLANG_WARN_OBJC_ROOT_CLASS = YES_ERROR;
				CLANG_WARN_QUOTED_INCLUDE_IN_FRAMEWORK_HEADER = YES;
				CLANG_WARN_RANGE_LOOP_ANALYSIS = YES;
				CLANG_WARN_STRICT_PROTOTYPES = YES;
				CLANG_WARN_SUSPICIOUS_MOVE = YES;
				CLANG_WARN_UNGUARDED_AVAILABILITY = YES_AGGRESSIVE;
				CLANG_WARN_UNREACHABLE_CODE = YES;
				CLANG_WARN__DUPLICATE_METHOD_MATCH = YES;
				COPY_PHASE_STRIP = NO;
				DEBUG_INFORMATION_FORMAT = "dwarf-with-dsym";
				ENABLE_NS_ASSERTIONS = NO;
				ENABLE_STRICT_OBJC_MSGSEND = YES;
				GCC_C_LANGUAGE_STANDARD = gnu11;
				GCC_NO_COMMON_BLOCKS = YES;
				GCC_WARN_64_TO_32_BIT_CONVERSION = YES;
				GCC_WARN_ABOUT_RETURN_TYPE = YES_ERROR;
				GCC_WARN_UNDECLARED_SELECTOR = YES;
				GCC_WARN_UNINITIALIZED_AUTOS = YES_AGGRESSIVE;
				GCC_WARN_UNUSED_FUNCTION = YES;
				GCC_WARN_UNUSED_VARIABLE = YES;
				IPHONEOS_DEPLOYMENT_TARGET = 16.2;
				MTL_ENABLE_DEBUG_INFO = NO;
				MTL_FAST_MATH = YES;
				SDKROOT = iphoneos;
				SWIFT_COMPILATION_MODE = wholemodule;
				SWIFT_OPTIMIZATION_LEVEL = "-O";
				VALIDATE_PRODUCT = YES;
			};
			name = Release;
		};
		B6190AC9299A62DC00C08D4F /* Debug */ = {
			isa = XCBuildConfiguration;
			baseConfigurationReference = 67D4FD43F45CFE29C05A3504 /* Pods-NorrisFacts.debug.xcconfig */;
			buildSettings = {
				ASSETCATALOG_COMPILER_APPICON_NAME = AppIcon;
				ASSETCATALOG_COMPILER_GLOBAL_ACCENT_COLOR_NAME = AccentColor;
				CODE_SIGN_STYLE = Automatic;
				CURRENT_PROJECT_VERSION = 2;
				DEVELOPMENT_ASSET_PATHS = "\"NorrisFacts/Preview Content\"";
				DEVELOPMENT_TEAM = AFU28XCKKE;
				ENABLE_PREVIEWS = YES;
				GENERATE_INFOPLIST_FILE = YES;
				INFOPLIST_FILE = NorrisFacts/Info.plist;
				INFOPLIST_KEY_CFBundleDisplayName = "\"Facts\"";
				INFOPLIST_KEY_LSApplicationCategoryType = "";
				INFOPLIST_KEY_UIApplicationSceneManifest_Generation = YES;
				INFOPLIST_KEY_UIApplicationSupportsIndirectInputEvents = YES;
				INFOPLIST_KEY_UILaunchScreen_Generation = YES;
				INFOPLIST_KEY_UILaunchStoryboardName = "Launch Screen.storyboard";
				INFOPLIST_KEY_UISupportedInterfaceOrientations = "UIInterfaceOrientationLandscapeLeft UIInterfaceOrientationLandscapeRight UIInterfaceOrientationPortrait";
				INFOPLIST_KEY_UISupportedInterfaceOrientations_iPad = "UIInterfaceOrientationLandscapeLeft UIInterfaceOrientationLandscapeRight UIInterfaceOrientationPortrait UIInterfaceOrientationPortraitUpsideDown";
				IPHONEOS_DEPLOYMENT_TARGET = 15.0;
				LD_RUNPATH_SEARCH_PATHS = (
					"$(inherited)",
					"@executable_path/Frameworks",
				);
				MARKETING_VERSION = 1.0;
				PRODUCT_BUNDLE_IDENTIFIER = com.app.norrisfacts;
				PRODUCT_NAME = "$(TARGET_NAME)";
				SWIFT_EMIT_LOC_STRINGS = YES;
				SWIFT_VERSION = 5.0;
				TARGETED_DEVICE_FAMILY = "1,2";
			};
			name = Debug;
		};
		B6190ACA299A62DC00C08D4F /* Release */ = {
			isa = XCBuildConfiguration;
			baseConfigurationReference = 195E168D40BC01D675F27F85 /* Pods-NorrisFacts.release.xcconfig */;
			buildSettings = {
				ASSETCATALOG_COMPILER_APPICON_NAME = AppIcon;
				ASSETCATALOG_COMPILER_GLOBAL_ACCENT_COLOR_NAME = AccentColor;
				CODE_SIGN_STYLE = Automatic;
				CURRENT_PROJECT_VERSION = 2;
				DEVELOPMENT_ASSET_PATHS = "\"NorrisFacts/Preview Content\"";
				DEVELOPMENT_TEAM = AFU28XCKKE;
				ENABLE_PREVIEWS = YES;
				GENERATE_INFOPLIST_FILE = YES;
				INFOPLIST_FILE = NorrisFacts/Info.plist;
				INFOPLIST_KEY_CFBundleDisplayName = "\"Facts\"";
				INFOPLIST_KEY_LSApplicationCategoryType = "";
				INFOPLIST_KEY_UIApplicationSceneManifest_Generation = YES;
				INFOPLIST_KEY_UIApplicationSupportsIndirectInputEvents = YES;
				INFOPLIST_KEY_UILaunchScreen_Generation = YES;
				INFOPLIST_KEY_UILaunchStoryboardName = "Launch Screen.storyboard";
				INFOPLIST_KEY_UISupportedInterfaceOrientations = "UIInterfaceOrientationLandscapeLeft UIInterfaceOrientationLandscapeRight UIInterfaceOrientationPortrait";
				INFOPLIST_KEY_UISupportedInterfaceOrientations_iPad = "UIInterfaceOrientationLandscapeLeft UIInterfaceOrientationLandscapeRight UIInterfaceOrientationPortrait UIInterfaceOrientationPortraitUpsideDown";
				IPHONEOS_DEPLOYMENT_TARGET = 15.0;
				LD_RUNPATH_SEARCH_PATHS = (
					"$(inherited)",
					"@executable_path/Frameworks",
				);
				MARKETING_VERSION = 1.0;
				PRODUCT_BUNDLE_IDENTIFIER = com.app.norrisfacts;
				PRODUCT_NAME = "$(TARGET_NAME)";
				SWIFT_EMIT_LOC_STRINGS = YES;
				SWIFT_VERSION = 5.0;
				TARGETED_DEVICE_FAMILY = "1,2";
			};
			name = Release;
		};
/* End XCBuildConfiguration section */

/* Begin XCConfigurationList section */
		B6190AB5299A62DB00C08D4F /* Build configuration list for PBXProject "NorrisFacts" */ = {
			isa = XCConfigurationList;
			buildConfigurations = (
				B6190AC6299A62DC00C08D4F /* Debug */,
				B6190AC7299A62DC00C08D4F /* Release */,
			);
			defaultConfigurationIsVisible = 0;
			defaultConfigurationName = Release;
		};
		B6190AC8299A62DC00C08D4F /* Build configuration list for PBXNativeTarget "NorrisFacts" */ = {
			isa = XCConfigurationList;
			buildConfigurations = (
				B6190AC9299A62DC00C08D4F /* Debug */,
				B6190ACA299A62DC00C08D4F /* Release */,
			);
			defaultConfigurationIsVisible = 0;
			defaultConfigurationName = Release;
		};
/* End XCConfigurationList section */

/* Begin XCRemoteSwiftPackageReference section */
		B60514BD299A833B0012F36C /* XCRemoteSwiftPackageReference "SDWebImageSwiftUI" */ = {
			isa = XCRemoteSwiftPackageReference;
			repositoryURL = "https://github.com/SDWebImage/SDWebImageSwiftUI";
			requirement = {
				branch = master;
				kind = branch;
			};
		};
/* End XCRemoteSwiftPackageReference section */

/* Begin XCSwiftPackageProductDependency section */
		B60514BE299A833B0012F36C /* SDWebImageSwiftUI */ = {
			isa = XCSwiftPackageProductDependency;
			package = B60514BD299A833B0012F36C /* XCRemoteSwiftPackageReference "SDWebImageSwiftUI" */;
			productName = SDWebImageSwiftUI;
		};
/* End XCSwiftPackageProductDependency section */
	};
	rootObject = B6190AB2299A62DB00C08D4F /* Project object */;
}
