// !$*UTF8*$!
{
	archiveVersion = 1;
	classes = {
	};
	objectVersion = 56;
	objects = {

/* Begin PBXBuildFile section */
		B60514BF299A833B0012F36C /* SDWebImageSwiftUI in Frameworks */ = {isa = PBXBuildFile; productRef = B60514BE299A833B0012F36C /* SDWebImageSwiftUI */; };
		B6190AC0299A62DB00C08D4F /* ContentView.swift in Sources */ = {isa = PBXBuildFile; fileRef = B6190ABF299A62DB00C08D4F /* ContentView.swift */; };
		B6190AC2299A62DC00C08D4F /* Assets.xcassets in Resources */ = {isa = PBXBuildFile; fileRef = B6190AC1299A62DC00C08D4F /* Assets.xcassets */; };
		B6190AC5299A62DC00C08D4F /* Preview Assets.xcassets in Resources */ = {isa = PBXBuildFile; fileRef = B6190AC4299A62DC00C08D4F /* Preview Assets.xcassets */; };
		B6190AD6299A636E00C08D4F /* Model.swift in Sources */ = {isa = PBXBuildFile; fileRef = B6190AD3299A636E00C08D4F /* Model.swift */; };
		B6190AD7299A636E00C08D4F /* APIManager.swift in Sources */ = {isa = PBXBuildFile; fileRef = B6190AD4299A636E00C08D4F /* APIManager.swift */; };
		B6190AD8299A636E00C08D4F /* ViewModel.swift in Sources */ = {isa = PBXBuildFile; fileRef = B6190AD5299A636E00C08D4F /* ViewModel.swift */; };
		B6190ADA299A638700C08D4F /* Launch Screen.storyboard in Resources */ = {isa = PBXBuildFile; fileRef = B6190AD9299A638700C08D4F /* Launch Screen.storyboard */; };
		B6190ADC299A63A600C08D4F /* NorrisFactsApp.swift in Sources */ = {isa = PBXBuildFile; fileRef = B6190ADB299A63A600C08D4F /* NorrisFactsApp.swift */; };
/* End PBXBuildFile section */

/* Begin PBXFileReference section */
		B6190ABA299A62DB00C08D4F /* NorrisFacts.app */ = {isa = PBXFileReference; explicitFileType = wrapper.application; includeInIndex = 0; path = NorrisFacts.app; sourceTree = BUILT_PRODUCTS_DIR; };
		B6190ABF299A62DB00C08D4F /* ContentView.swift */ = {isa = PBXFileReference; lastKnownFileType = sourcecode.swift; path = ContentView.swift; sourceTree = "<group>"; };
		B6190AC1299A62DC00C08D4F /* Assets.xcassets */ = {isa = PBXFileReference; lastKnownFileType = folder.assetcatalog; path = Assets.xcassets; sourceTree = "<group>"; };
		B6190AC4299A62DC00C08D4F /* Preview Assets.xcassets */ = {isa = PBXFileReference; lastKnownFileType = folder.assetcatalog; path = "Preview Assets.xcassets"; sourceTree = "<group>"; };
		B6190AD3299A636E00C08D4F /* Model.swift */ = {isa = PBXFileReference; fileEncoding = 4; lastKnownFileType = sourcecode.swift; path = Model.swift; sourceTree = "<group>"; };
		B6190AD4299A636E00C08D4F /* APIManager.swift */ = {isa = PBXFileReference; fileEncoding = 4; lastKnownFileType = sourcecode.swift; path = APIManager.swift; sourceTree = "<group>"; };
		B6190AD5299A636E00C08D4F /* ViewModel.swift */ = {isa = PBXFileReference; fileEncoding = 4; lastKnownFileType = sourcecode.swift; path = ViewModel.swift; sourceTree = "<group>"; };
		B6190AD9299A638700C08D4F /* Launch Screen.storyboard */ = {isa = PBXFileReference; lastKnownFileType = file.storyboard; path = "Launch Screen.storyboard"; sourceTree = "<group>"; };
		B6190ADB299A63A600C08D4F /* NorrisFactsApp.swift */ = {isa = PBXFileReference; lastKnownFileType = sourcecode.swift; path = NorrisFactsApp.swift; sourceTree = "<group>"; };
/* End PBXFileReference section */

/* Begin PBXFrameworksBuildPhase section */
		B6190AB7299A62DB00C08D4F /* Frameworks */ = {
			isa = PBXFrameworksBuildPhase;
			buildActionMask = 2147483647;
			files = (
				B60514BF299A833B0012F36C /* SDWebImageSwiftUI in Frameworks */,
			);
			runOnlyForDeploymentPostprocessing = 0;
		};
/* End PBXFrameworksBuildPhase section */

/* Begin PBXGroup section */
		B6190AB1299A62DB00C08D4F = {
			isa = PBXGroup;
			children = (
				B6190ABC299A62DB00C08D4F /* NorrisFacts */,
				B6190ABB299A62DB00C08D4F /* Products */,
			);
			sourceTree = "<group>";
		};
		B6190ABB299A62DB00C08D4F /* Products */ = {
			isa = PBXGroup;
			children = (
				B6190ABA299A62DB00C08D4F /* NorrisFacts.app */,
			);
			name = Products;
			sourceTree = "<group>";
		};
		B6190ABC299A62DB00C08D4F /* NorrisFacts */ = {
			isa = PBXGroup;
			children = (
				B6190ADB299A63A600C08D4F /* NorrisFactsApp.swift */,
				B6190AD4299A636E00C08D4F /* APIManager.swift */,
				B6190AD3299A636E00C08D4F /* Model.swift */,
				B6190AD5299A636E00C08D4F /* ViewModel.swift */,
				B6190ABF299A62DB00C08D4F /* ContentView.swift */,
				B6190AD9299A638700C08D4F /* Launch Screen.storyboard */,
				B6190AC1299A62DC00C08D4F /* Assets.xcassets */,
				B6190AC3299A62DC00C08D4F /* Preview Content */,
			);
			path = NorrisFacts;
			sourceTree = "<group>";
		};
		B6190AC3299A62DC00C08D4F /* Preview Content */ = {
			isa = PBXGroup;
			children = (
				B6190AC4299A62DC00C08D4F /* Preview Assets.xcassets */,
			);
			path = "Preview Content";
			sourceTree = "<group>";
		};
/* End PBXGroup section */

/* Begin PBXNativeTarget section */
		B6190AB9299A62DB00C08D4F /* NorrisFacts */ = {
			isa = PBXNativeTarget;
			buildConfigurationList = B6190AC8299A62DC00C08D4F /* Build configuration list for PBXNativeTarget "NorrisFacts" */;
			buildPhases = (
				B6190AB6299A62DB00C08D4F /* Sources */,
				B6190AB7299A62DB00C08D4F /* Frameworks */,
				B6190AB8299A62DB00C08D4F /* Resources */,
			);
			buildRules = (
			);
			dependencies = (
			);
			name = NorrisFacts;
			packageProductDependencies = (
				B60514BE299A833B0012F36C /* SDWebImageSwiftUI */,
			);
			productName = NorrisFacts;
			productReference = B6190ABA299A62DB00C08D4F /* NorrisFacts.app */;
			productType = "com.apple.product-type.application";
		};
/* End PBXNativeTarget section */

/* Begin PBXProject section */
		B6190AB2299A62DB00C08D4F /* Project object */ = {
			isa = PBXProject;
			attributes = {
				BuildIndependentTargetsInParallel = 1;
				LastSwiftUpdateCheck = 1420;
				LastUpgradeCheck = 1420;
				TargetAttributes = {
					B6190AB9299A62DB00C08D4F = {
						CreatedOnToolsVersion = 14.2;
					};
				};
			};
			buildConfigurationList = B6190AB5299A62DB00C08D4F /* Build configuration list for PBXProject "NorrisFacts" */;
			compatibilityVersion = "Xcode 14.0";
			developmentRegion = en;
			hasScannedForEncodings = 0;
			knownRegions = (
				en,
				Base,
			);
			mainGroup = B6190AB1299A62DB00C08D4F;
			packageReferences = (
				B60514BD299A833B0012F36C /* XCRemoteSwiftPackageReference "SDWebImageSwiftUI" */,
			);
			productRefGroup = B6190ABB299A62DB00C08D4F /* Products */;
			projectDirPath = "";
			projectRoot = "";
			targets = (
				B6190AB9299A62DB00C08D4F /* NorrisFacts */,
			);
		};
/* End PBXProject section */

/* Begin PBXResourcesBuildPhase section */
		B6190AB8299A62DB00C08D4F /* Resources */ = {
			isa = PBXResourcesBuildPhase;
			buildActionMask = 2147483647;
			files = (
				B6190ADA299A638700C08D4F /* Launch Screen.storyboard in Resources */,
				B6190AC5299A62DC00C08D4F /* Preview Assets.xcassets in Resources */,
				B6190AC2299A62DC00C08D4F /* Assets.xcassets in Resources */,
			);
			runOnlyForDeploymentPostprocessing = 0;
		};
/* End PBXResourcesBuildPhase section */

/* Begin PBXSourcesBuildPhase section */
		B6190AB6299A62DB00C08D4F /* Sources */ = {
			isa = PBXSourcesBuildPhase;
			buildActionMask = 2147483647;
			files = (
				B6190AD7299A636E00C08D4F /* APIManager.swift in Sources */,
				B6190AC0299A62DB00C08D4F /* ContentView.swift in Sources */,
				B6190AD8299A636E00C08D4F /* ViewModel.swift in Sources */,
				B6190AD6299A636E00C08D4F /* Model.swift in Sources */,
				B6190ADC299A63A600C08D4F /* NorrisFactsApp.swift in Sources */,
			);
			runOnlyForDeploymentPostprocessing = 0;
		};
/* End PBXSourcesBuildPhase section */

/* Begin XCBuildConfiguration section */
		B6190AC6299A62DC00C08D4F /* Debug */ = {
			isa = XCBuildConfiguration;
			buildSettings = {
				ALWAYS_SEARCH_USER_PATHS = NO;
				CLANG_ANALYZER_NONNULL = YES;
				CLANG_ANALYZER_NUMBER_OBJECT_CONVERSION = YES_AGGRESSIVE;
				CLANG_CXX_LANGUAGE_STANDARD = "gnu++20";
				CLANG_ENABLE_MODULES = YES;
				CLANG_ENABLE_OBJC_ARC = YES;
				CLANG_ENABLE_OBJC_WEAK = YES;
				CLANG_WARN_BLOCK_CAPTURE_AUTORELEASING = YES;
				CLANG_WARN_BOOL_CONVERSION = YES;
				CLANG_WARN_COMMA = YES;
				CLANG_WARN_CONSTANT_CONVERSION = YES;
				CLANG_WARN_DEPRECATED_OBJC_IMPLEMENTATIONS = YES;
				CLANG_WARN_DIRECT_OBJC_ISA_USAGE = YES_ERROR;
				CLANG_WARN_DOCUMENTATION_COMMENTS = YES;
				CLANG_WARN_EMPTY_BODY = YES;
				CLANG_WARN_ENUM_CONVERSION = YES;
				CLANG_WARN_INFINITE_RECURSION = YES;
				CLANG_WARN_INT_CONVERSION = YES;
				CLANG_WARN_NON_LITERAL_NULL_CONVERSION = YES;
				CLANG_WARN_OBJC_IMPLICIT_RETAIN_SELF = YES;
				CLANG_WARN_OBJC_LITERAL_CONVERSION = YES;
				CLANG_WARN_OBJC_ROOT_CLASS = YES_ERROR;
				CLANG_WARN_QUOTED_INCLUDE_IN_FRAMEWORK_HEADER = YES;
				CLANG_WARN_RANGE_LOOP_ANALYSIS = YES;
				CLANG_WARN_STRICT_PROTOTYPES = YES;
				CLANG_WARN_SUSPICIOUS_MOVE = YES;
				CLANG_WARN_UNGUARDED_AVAILABILITY = YES_AGGRESSIVE;
				CLANG_WARN_UNREACHABLE_CODE = YES;
				CLANG_WARN__DUPLICATE_METHOD_MATCH = YES;
				COPY_PHASE_STRIP = NO;
				DEBUG_INFORMATION_FORMAT = dwarf;
				ENABLE_STRICT_OBJC_MSGSEND = YES;
				ENABLE_TESTABILITY = YES;
				GCC_C_LANGUAGE_STANDARD = gnu11;
				GCC_DYNAMIC_NO_PIC = NO;
				GCC_NO_COMMON_BLOCKS = YES;
				GCC_OPTIMIZATION_LEVEL = 0;
				GCC_PREPROCESSOR_DEFINITIONS = (
					"DEBUG=1",
					"$(inherited)",
				);
				GCC_WARN_64_TO_32_BIT_CONVERSION = YES;
				GCC_WARN_ABOUT_RETURN_TYPE = YES_ERROR;
				GCC_WARN_UNDECLARED_SELECTOR = YES;
				GCC_WARN_UNINITIALIZED_AUTOS = YES_AGGRESSIVE;
				GCC_WARN_UNUSED_FUNCTION = YES;
				GCC_WARN_UNUSED_VARIABLE = YES;
				IPHONEOS_DEPLOYMENT_TARGET = 16.2;
				MTL_ENABLE_DEBUG_INFO = INCLUDE_SOURCE;
				MTL_FAST_MATH = YES;
				ONLY_ACTIVE_ARCH = YES;
				SDKROOT = iphoneos;
				SWIFT_ACTIVE_COMPILATION_CONDITIONS = DEBUG;
				SWIFT_OPTIMIZATION_LEVEL = "-Onone";
			};
			name = Debug;
		};
		B6190AC7299A62DC00C08D4F /* Release */ = {
			isa = XCBuildConfiguration;
			buildSettings = {
				ALWAYS_SEARCH_USER_PATHS = NO;
				CLANG_ANALYZER_NONNULL = YES;
				CLANG_ANALYZER_NUMBER_OBJECT_CONVERSION = YES_AGGRESSIVE;
				CLANG_CXX_LANGUAGE_STANDARD = "gnu++20";
				CLANG_ENABLE_MODULES = YES;
				CLANG_ENABLE_OBJC_ARC = YES;
				CLANG_ENABLE_OBJC_WEAK = YES;
				CLANG_WARN_BLOCK_CAPTURE_AUTORELEASING = YES;
				CLANG_WARN_BOOL_CONVERSION = YES;
				CLANG_WARN_COMMA = YES;
				CLANG_WARN_CONSTANT_CONVERSION = YES;
				CLANG_WARN_DEPRECATED_OBJC_IMPLEMENTATIONS = YES;
				CLANG_WARN_DIRECT_OBJC_ISA_USAGE = YES_ERROR;
				CLANG_WARN_DOCUMENTATION_COMMENTS = YES;
				CLANG_WARN_EMPTY_BODY = YES;
				CLANG_WARN_ENUM_CONVERSION = YES;
				CLANG_WARN_INFINITE_RECURSION = YES;
				CLANG_WARN_INT_CONVERSION = YES;
				CLANG_WARN_NON_LITERAL_NULL_CONVERSION = YES;
				CLANG_WARN_OBJC_IMPLICIT_RETAIN_SELF = YES;
				CLANG_WARN_OBJC_LITERAL_CONVERSION = YES;
				CLANG_WARN_OBJC_ROOT_CLASS = YES_ERROR;
				CLANG_WARN_QUOTED_INCLUDE_IN_FRAMEWORK_HEADER = YES;
				CLANG_WARN_RANGE_LOOP_ANALYSIS = YES;
				CLANG_WARN_STRICT_PROTOTYPES = YES;
				CLANG_WARN_SUSPICIOUS_MOVE = YES;
				CLANG_WARN_UNGUARDED_AVAILABILITY = YES_AGGRESSIVE;
				CLANG_WARN_UNREACHABLE_CODE = YES;
				CLANG_WARN__DUPLICATE_METHOD_MATCH = YES;
				COPY_PHASE_STRIP = NO;
				DEBUG_INFORMATION_FORMAT = "dwarf-with-dsym";
				ENABLE_NS_ASSERTIONS = NO;
				ENABLE_STRICT_OBJC_MSGSEND = YES;
				GCC_C_LANGUAGE_STANDARD = gnu11;
				GCC_NO_COMMON_BLOCKS = YES;
				GCC_WARN_64_TO_32_BIT_CONVERSION = YES;
				GCC_WARN_ABOUT_RETURN_TYPE = YES_ERROR;
				GCC_WARN_UNDECLARED_SELECTOR = YES;
				GCC_WARN_UNINITIALIZED_AUTOS = YES_AGGRESSIVE;
				GCC_WARN_UNUSED_FUNCTION = YES;
				GCC_WARN_UNUSED_VARIABLE = YES;
				IPHONEOS_DEPLOYMENT_TARGET = 16.2;
				MTL_ENABLE_DEBUG_INFO = NO;
				MTL_FAST_MATH = YES;
				SDKROOT = iphoneos;
				SWIFT_COMPILATION_MODE = wholemodule;
				SWIFT_OPTIMIZATION_LEVEL = "-O";
				VALIDATE_PRODUCT = YES;
			};
			name = Release;
		};
		B6190AC9299A62DC00C08D4F /* Debug */ = {
			isa = XCBuildConfiguration;
			buildSettings = {
				ASSETCATALOG_COMPILER_APPICON_NAME = AppIcon;
				ASSETCATALOG_COMPILER_GLOBAL_ACCENT_COLOR_NAME = AccentColor;
				CODE_SIGN_STYLE = Automatic;
				CURRENT_PROJECT_VERSION = 1;
				DEVELOPMENT_ASSET_PATHS = "\"NorrisFacts/Preview Content\"";
				DEVELOPMENT_TEAM = AFU28XCKKE;
				ENABLE_PREVIEWS = YES;
				GENERATE_INFOPLIST_FILE = YES;
				INFOPLIST_KEY_UIApplicationSceneManifest_Generation = YES;
				INFOPLIST_KEY_UIApplicationSupportsIndirectInputEvents = YES;
				INFOPLIST_KEY_UILaunchScreen_Generation = YES;
				INFOPLIST_KEY_UILaunchStoryboardName = "Launch Screen.storyboard";
				INFOPLIST_KEY_UISupportedInterfaceOrientations_iPad = "UIInterfaceOrientationPortrait UIInterfaceOrientationPortraitUpsideDown UIInterfaceOrientationLandscapeLeft UIInterfaceOrientationLandscapeRight";
				INFOPLIST_KEY_UISupportedInterfaceOrientations_iPhone = "UIInterfaceOrientationPortrait UIInterfaceOrientationLandscapeLeft UIInterfaceOrientationLandscapeRight";
				IPHONEOS_DEPLOYMENT_TARGET = 15.0;
				LD_RUNPATH_SEARCH_PATHS = (
					"$(inherited)",
					"@executable_path/Frameworks",
				);
				MARKETING_VERSION = 1.0;
				PRODUCT_BUNDLE_IDENTIFIER = com.app.norrisfacts.NorrisFacts;
				PRODUCT_NAME = "$(TARGET_NAME)";
				SWIFT_EMIT_LOC_STRINGS = YES;
				SWIFT_VERSION = 5.0;
				TARGETED_DEVICE_FAMILY = "1,2";
			};
			name = Debug;
		};
		B6190ACA299A62DC00C08D4F /* Release */ = {
			isa = XCBuildConfiguration;
			buildSettings = {
				ASSETCATALOG_COMPILER_APPICON_NAME = AppIcon;
				ASSETCATALOG_COMPILER_GLOBAL_ACCENT_COLOR_NAME = AccentColor;
				CODE_SIGN_STYLE = Automatic;
				CURRENT_PROJECT_VERSION = 1;
				DEVELOPMENT_ASSET_PATHS = "\"NorrisFacts/Preview Content\"";
				DEVELOPMENT_TEAM = AFU28XCKKE;
				ENABLE_PREVIEWS = YES;
				GENERATE_INFOPLIST_FILE = YES;
				INFOPLIST_KEY_UIApplicationSceneManifest_Generation = YES;
				INFOPLIST_KEY_UIApplicationSupportsIndirectInputEvents = YES;
				INFOPLIST_KEY_UILaunchScreen_Generation = YES;
				INFOPLIST_KEY_UILaunchStoryboardName = "Launch Screen.storyboard";
				INFOPLIST_KEY_UISupportedInterfaceOrientations_iPad = "UIInterfaceOrientationPortrait UIInterfaceOrientationPortraitUpsideDown UIInterfaceOrientationLandscapeLeft UIInterfaceOrientationLandscapeRight";
				INFOPLIST_KEY_UISupportedInterfaceOrientations_iPhone = "UIInterfaceOrientationPortrait UIInterfaceOrientationLandscapeLeft UIInterfaceOrientationLandscapeRight";
				IPHONEOS_DEPLOYMENT_TARGET = 15.0;
				LD_RUNPATH_SEARCH_PATHS = (
					"$(inherited)",
					"@executable_path/Frameworks",
				);
				MARKETING_VERSION = 1.0;
				PRODUCT_BUNDLE_IDENTIFIER = com.app.norrisfacts.NorrisFacts;
				PRODUCT_NAME = "$(TARGET_NAME)";
				SWIFT_EMIT_LOC_STRINGS = YES;
				SWIFT_VERSION = 5.0;
				TARGETED_DEVICE_FAMILY = "1,2";
			};
			name = Release;
		};
/* End XCBuildConfiguration section */

/* Begin XCConfigurationList section */
		B6190AB5299A62DB00C08D4F /* Build configuration list for PBXProject "NorrisFacts" */ = {
			isa = XCConfigurationList;
			buildConfigurations = (
				B6190AC6299A62DC00C08D4F /* Debug */,
				B6190AC7299A62DC00C08D4F /* Release */,
			);
			defaultConfigurationIsVisible = 0;
			defaultConfigurationName = Release;
		};
		B6190AC8299A62DC00C08D4F /* Build configuration list for PBXNativeTarget "NorrisFacts" */ = {
			isa = XCConfigurationList;
			buildConfigurations = (
				B6190AC9299A62DC00C08D4F /* Debug */,
				B6190ACA299A62DC00C08D4F /* Release */,
			);
			defaultConfigurationIsVisible = 0;
			defaultConfigurationName = Release;
		};
/* End XCConfigurationList section */

/* Begin XCRemoteSwiftPackageReference section */
		B60514BD299A833B0012F36C /* XCRemoteSwiftPackageReference "SDWebImageSwiftUI" */ = {
			isa = XCRemoteSwiftPackageReference;
			repositoryURL = "https://github.com/SDWebImage/SDWebImageSwiftUI";
			requirement = {
				branch = master;
				kind = branch;
			};
		};
/* End XCRemoteSwiftPackageReference section */

/* Begin XCSwiftPackageProductDependency section */
		B60514BE299A833B0012F36C /* SDWebImageSwiftUI */ = {
			isa = XCSwiftPackageProductDependency;
			package = B60514BD299A833B0012F36C /* XCRemoteSwiftPackageReference "SDWebImageSwiftUI" */;
			productName = SDWebImageSwiftUI;
		};
/* End XCSwiftPackageProductDependency section */
	};
	rootObject = B6190AB2299A62DB00C08D4F /* Project object */;
}
